
Microsoft Visual Studio Solution File, Format Version 12.00
# Visual Studio Version 17
VisualStudioVersion = 17.11.35312.102
MinimumVisualStudioVersion = 10.0.40219.1
Project("{FAE04EC0-301F-11D3-BF4B-00C04F79EFBC}") = "Calculator_Design", "Calculator_Design\Calculator_Design.csproj", "{D03836DA-30FA-4520-8D4C-9327045BE706}"
EndProject
Global
	GlobalSection(SolutionConfigurationPlatforms) = preSolution
		Debug|Any CPU = Debug|Any CPU
		Release|Any CPU = Release|Any CPU
	EndGlobalSection
	GlobalSection(ProjectConfigurationPlatforms) = postSolution
		{D03836DA-30FA-4520-8D4C-9327045BE706}.Debug|Any CPU.ActiveCfg = Debug|Any CPU
		{D03836DA-30FA-4520-8D4C-9327045BE706}.Debug|Any CPU.Build.0 = Debug|Any CPU
		{D03836DA-30FA-4520-8D4C-9327045BE706}.Release|Any CPU.ActiveCfg = Release|Any CPU
		{D03836DA-30FA-4520-8D4C-9327045BE706}.Release|Any CPU.Build.0 = Release|Any CPU
	EndGlobalSection
	GlobalSection(SolutionProperties) = preSolution
		HideSolutionNode = FALSE
	EndGlobalSection
	GlobalSection(ExtensibilityGlobals) = postSolution
		SolutionGuid = {6627EB51-5BDB-4225-BC85-318000D1CB33}
	EndGlobalSection
EndGlobal
